
Microsoft Visual Studio Solution File, Format Version 12.00
# Visual Studio Version 17
VisualStudioVersion = 17.3.32929.385
MinimumVisualStudioVersion = 10.0.40219.1
Project("{FAE04EC0-301F-11D3-BF4B-00C04F79EFBC}") = "ListBoxTest", "ListBoxTest.csproj", "{8C744B54-1D75-4489-B58A-20F78113A71D}"
EndProject
Global
	GlobalSection(SolutionConfigurationPlatforms) = preSolution
		Debug|Any CPU = Debug|Any CPU
		Release|Any CPU = Release|Any CPU
	EndGlobalSection
	GlobalSection(ProjectConfigurationPlatforms) = postSolution
		{8C744B54-1D75-4489-B58A-20F78113A71D}.Debug|Any CPU.ActiveCfg = Debug|Any CPU
		{8C744B54-1D75-4489-B58A-20F78113A71D}.Debug|Any CPU.Build.0 = Debug|Any CPU
		{8C744B54-1D75-4489-B58A-20F78113A71D}.Release|Any CPU.ActiveCfg = Release|Any CPU
		{8C744B54-1D75-4489-B58A-20F78113A71D}.Release|Any CPU.Build.0 = Release|Any CPU
	EndGlobalSection
	GlobalSection(SolutionProperties) = preSolution
		HideSolutionNode = FALSE
	EndGlobalSection
	GlobalSection(ExtensibilityGlobals) = postSolution
		SolutionGuid = {47031A45-5072-4740-8570-A502F277D5E1}
	EndGlobalSection
EndGlobal
